
Microsoft Visual Studio Solution File, Format Version 12.00
# Visual Studio Version 16
VisualStudioVersion = 16.0.29409.12
MinimumVisualStudioVersion = 10.0.40219.1
Project("{888888A0-9F3D-457C-B088-3A5042F75D52}") = "loginaja", "loginaja\loginaja.pyproj", "{54AB1507-56CC-4C17-AF6A-BE69634FC2E1}"
EndProject
Global
	GlobalSection(SolutionConfigurationPlatforms) = preSolution
		Debug|Any CPU = Debug|Any CPU
		Release|Any CPU = Release|Any CPU
	EndGlobalSection
	GlobalSection(ProjectConfigurationPlatforms) = postSolution
		{54AB1507-56CC-4C17-AF6A-BE69634FC2E1}.Debug|Any CPU.ActiveCfg = Debug|Any CPU
		{54AB1507-56CC-4C17-AF6A-BE69634FC2E1}.Debug|Any CPU.Build.0 = Debug|Any CPU
		{54AB1507-56CC-4C17-AF6A-BE69634FC2E1}.Release|Any CPU.ActiveCfg = Release|Any CPU
		{54AB1507-56CC-4C17-AF6A-BE69634FC2E1}.Release|Any CPU.Build.0 = Release|Any CPU
	EndGlobalSection
	GlobalSection(SolutionProperties) = preSolution
		HideSolutionNode = FALSE
	EndGlobalSection
	GlobalSection(ExtensibilityGlobals) = postSolution
		SolutionGuid = {952568D3-2A5E-4015-B9A7-FB745BBBB38E}
	EndGlobalSection
EndGlobal
